// !$*UTF8*$!
{
	archiveVersion = 1;
	classes = {
	};
	objectVersion = 52;
	objects = {

/* Begin PBXBuildFile section */
		02837EBD23CE178D00EEBC25 /* AppDelegate.swift in Sources */ = {isa = PBXBuildFile; fileRef = 02837EBC23CE178D00EEBC25 /* AppDelegate.swift */; };
		02837EBF23CE178D00EEBC25 /* SceneDelegate.swift in Sources */ = {isa = PBXBuildFile; fileRef = 02837EBE23CE178D00EEBC25 /* SceneDelegate.swift */; };
		02837EC123CE178D00EEBC25 /* ViewController.swift in Sources */ = {isa = PBXBuildFile; fileRef = 02837EC023CE178D00EEBC25 /* ViewController.swift */; };
		02837EC423CE178D00EEBC25 /* Main.storyboard in Resources */ = {isa = PBXBuildFile; fileRef = 02837EC223CE178D00EEBC25 /* Main.storyboard */; };
		02837EC623CE179300EEBC25 /* Assets.xcassets in Resources */ = {isa = PBXBuildFile; fileRef = 02837EC523CE179300EEBC25 /* Assets.xcassets */; };
		02837EC923CE179300EEBC25 /* LaunchScreen.storyboard in Resources */ = {isa = PBXBuildFile; fileRef = 02837EC723CE179300EEBC25 /* LaunchScreen.storyboard */; };
		02837ED123CE19A800EEBC25 /* DogCell.swift in Sources */ = {isa = PBXBuildFile; fileRef = 02837ED023CE19A800EEBC25 /* DogCell.swift */; };
		02837ED323CE1AF500EEBC25 /* DogAPIClient.swift in Sources */ = {isa = PBXBuildFile; fileRef = 02837ED223CE1AF500EEBC25 /* DogAPIClient.swift */; };
		02837ED623CE1C7300EEBC25 /* ImageKit in Frameworks */ = {isa = PBXBuildFile; productRef = 02837ED523CE1C7300EEBC25 /* ImageKit */; };
		02837ED823CE1DD700EEBC25 /* RandomDogInfo.swift in Sources */ = {isa = PBXBuildFile; fileRef = 02837ED723CE1DD700EEBC25 /* RandomDogInfo.swift */; };
/* End PBXBuildFile section */

/* Begin PBXFileReference section */
		02837EB923CE178D00EEBC25 /* CollectionView-RandomDogs.app */ = {isa = PBXFileReference; explicitFileType = wrapper.application; includeInIndex = 0; path = "CollectionView-RandomDogs.app"; sourceTree = BUILT_PRODUCTS_DIR; };
		02837EBC23CE178D00EEBC25 /* AppDelegate.swift */ = {isa = PBXFileReference; lastKnownFileType = sourcecode.swift; path = AppDelegate.swift; sourceTree = "<group>"; };
		02837EBE23CE178D00EEBC25 /* SceneDelegate.swift */ = {isa = PBXFileReference; lastKnownFileType = sourcecode.swift; path = SceneDelegate.swift; sourceTree = "<group>"; };
		02837EC023CE178D00EEBC25 /* ViewController.swift */ = {isa = PBXFileReference; lastKnownFileType = sourcecode.swift; path = ViewController.swift; sourceTree = "<group>"; };
		02837EC323CE178D00EEBC25 /* Base */ = {isa = PBXFileReference; lastKnownFileType = file.storyboard; name = Base; path = Base.lproj/Main.storyboard; sourceTree = "<group>"; };
		02837EC523CE179300EEBC25 /* Assets.xcassets */ = {isa = PBXFileReference; lastKnownFileType = folder.assetcatalog; path = Assets.xcassets; sourceTree = "<group>"; };
		02837EC823CE179300EEBC25 /* Base */ = {isa = PBXFileReference; lastKnownFileType = file.storyboard; name = Base; path = Base.lproj/LaunchScreen.storyboard; sourceTree = "<group>"; };
		02837ECA23CE179300EEBC25 /* Info.plist */ = {isa = PBXFileReference; lastKnownFileType = text.plist.xml; path = Info.plist; sourceTree = "<group>"; };
		02837ED023CE19A800EEBC25 /* DogCell.swift */ = {isa = PBXFileReference; lastKnownFileType = sourcecode.swift; path = DogCell.swift; sourceTree = "<group>"; };
		02837ED223CE1AF500EEBC25 /* DogAPIClient.swift */ = {isa = PBXFileReference; lastKnownFileType = sourcecode.swift; path = DogAPIClient.swift; sourceTree = "<group>"; };
		02837ED723CE1DD700EEBC25 /* RandomDogInfo.swift */ = {isa = PBXFileReference; lastKnownFileType = sourcecode.swift; path = RandomDogInfo.swift; sourceTree = "<group>"; };
/* End PBXFileReference section */

/* Begin PBXFrameworksBuildPhase section */
		02837EB623CE178D00EEBC25 /* Frameworks */ = {
			isa = PBXFrameworksBuildPhase;
			buildActionMask = 2147483647;
			files = (
				02837ED623CE1C7300EEBC25 /* ImageKit in Frameworks */,
			);
			runOnlyForDeploymentPostprocessing = 0;
		};
/* End PBXFrameworksBuildPhase section */

/* Begin PBXGroup section */
		02837EB023CE178D00EEBC25 = {
			isa = PBXGroup;
			children = (
				02837EBB23CE178D00EEBC25 /* CollectionView-RandomDogs */,
				02837EBA23CE178D00EEBC25 /* Products */,
			);
			sourceTree = "<group>";
		};
		02837EBA23CE178D00EEBC25 /* Products */ = {
			isa = PBXGroup;
			children = (
				02837EB923CE178D00EEBC25 /* CollectionView-RandomDogs.app */,
			);
			name = Products;
			sourceTree = "<group>";
		};
		02837EBB23CE178D00EEBC25 /* CollectionView-RandomDogs */ = {
			isa = PBXGroup;
			children = (
				02837EBC23CE178D00EEBC25 /* AppDelegate.swift */,
				02837EBE23CE178D00EEBC25 /* SceneDelegate.swift */,
				02837ED223CE1AF500EEBC25 /* DogAPIClient.swift */,
				02837ED723CE1DD700EEBC25 /* RandomDogInfo.swift */,
				02837EC023CE178D00EEBC25 /* ViewController.swift */,
				02837ED023CE19A800EEBC25 /* DogCell.swift */,
				02837EC223CE178D00EEBC25 /* Main.storyboard */,
				02837EC523CE179300EEBC25 /* Assets.xcassets */,
				02837EC723CE179300EEBC25 /* LaunchScreen.storyboard */,
				02837ECA23CE179300EEBC25 /* Info.plist */,
			);
			path = "CollectionView-RandomDogs";
			sourceTree = "<group>";
		};
/* End PBXGroup section */

/* Begin PBXNativeTarget section */
		02837EB823CE178D00EEBC25 /* CollectionView-RandomDogs */ = {
			isa = PBXNativeTarget;
			buildConfigurationList = 02837ECD23CE179300EEBC25 /* Build configuration list for PBXNativeTarget "CollectionView-RandomDogs" */;
			buildPhases = (
				02837EB523CE178D00EEBC25 /* Sources */,
				02837EB623CE178D00EEBC25 /* Frameworks */,
				02837EB723CE178D00EEBC25 /* Resources */,
			);
			buildRules = (
			);
			dependencies = (
			);
			name = "CollectionView-RandomDogs";
			packageProductDependencies = (
				02837ED523CE1C7300EEBC25 /* ImageKit */,
			);
			productName = "CollectionView-RandomDogs";
			productReference = 02837EB923CE178D00EEBC25 /* CollectionView-RandomDogs.app */;
			productType = "com.apple.product-type.application";
		};
/* End PBXNativeTarget section */

/* Begin PBXProject section */
		02837EB123CE178D00EEBC25 /* Project object */ = {
			isa = PBXProject;
			attributes = {
				LastSwiftUpdateCheck = 1130;
				LastUpgradeCheck = 1130;
				ORGANIZATIONNAME = "Kelby Mittan";
				TargetAttributes = {
					02837EB823CE178D00EEBC25 = {
						CreatedOnToolsVersion = 11.3;
					};
				};
			};
			buildConfigurationList = 02837EB423CE178D00EEBC25 /* Build configuration list for PBXProject "CollectionView-RandomDogs" */;
			compatibilityVersion = "Xcode 9.3";
			developmentRegion = en;
			hasScannedForEncodings = 0;
			knownRegions = (
				en,
				Base,
			);
			mainGroup = 02837EB023CE178D00EEBC25;
			packageReferences = (
				02837ED423CE1C7300EEBC25 /* XCRemoteSwiftPackageReference "ImageKit" */,
			);
			productRefGroup = 02837EBA23CE178D00EEBC25 /* Products */;
			projectDirPath = "";
			projectRoot = "";
			targets = (
				02837EB823CE178D00EEBC25 /* CollectionView-RandomDogs */,
			);
		};
/* End PBXProject section */

/* Begin PBXResourcesBuildPhase section */
		02837EB723CE178D00EEBC25 /* Resources */ = {
			isa = PBXResourcesBuildPhase;
			buildActionMask = 2147483647;
			files = (
				02837EC923CE179300EEBC25 /* LaunchScreen.storyboard in Resources */,
				02837EC623CE179300EEBC25 /* Assets.xcassets in Resources */,
				02837EC423CE178D00EEBC25 /* Main.storyboard in Resources */,
			);
			runOnlyForDeploymentPostprocessing = 0;
		};
/* End PBXResourcesBuildPhase section */

/* Begin PBXSourcesBuildPhase section */
		02837EB523CE178D00EEBC25 /* Sources */ = {
			isa = PBXSourcesBuildPhase;
			buildActionMask = 2147483647;
			files = (
				02837ED323CE1AF500EEBC25 /* DogAPIClient.swift in Sources */,
				02837EC123CE178D00EEBC25 /* ViewController.swift in Sources */,
				02837EBD23CE178D00EEBC25 /* AppDelegate.swift in Sources */,
				02837ED123CE19A800EEBC25 /* DogCell.swift in Sources */,
				02837EBF23CE178D00EEBC25 /* SceneDelegate.swift in Sources */,
				02837ED823CE1DD700EEBC25 /* RandomDogInfo.swift in Sources */,
			);
			runOnlyForDeploymentPostprocessing = 0;
		};
/* End PBXSourcesBuildPhase section */

/* Begin PBXVariantGroup section */
		02837EC223CE178D00EEBC25 /* Main.storyboard */ = {
			isa = PBXVariantGroup;
			children = (
				02837EC323CE178D00EEBC25 /* Base */,
			);
			name = Main.storyboard;
			sourceTree = "<group>";
		};
		02837EC723CE179300EEBC25 /* LaunchScreen.storyboard */ = {
			isa = PBXVariantGroup;
			children = (
				02837EC823CE179300EEBC25 /* Base */,
			);
			name = LaunchScreen.storyboard;
			sourceTree = "<group>";
		};
/* End PBXVariantGroup section */

/* Begin XCBuildConfiguration section */
		02837ECB23CE179300EEBC25 /* Debug */ = {
			isa = XCBuildConfiguration;
			buildSettings = {
				ALWAYS_SEARCH_USER_PATHS = NO;
				CLANG_ANALYZER_NONNULL = YES;
				CLANG_ANALYZER_NUMBER_OBJECT_CONVERSION = YES_AGGRESSIVE;
				CLANG_CXX_LANGUAGE_STANDARD = "gnu++14";
				CLANG_CXX_LIBRARY = "libc++";
				CLANG_ENABLE_MODULES = YES;
				CLANG_ENABLE_OBJC_ARC = YES;
				CLANG_ENABLE_OBJC_WEAK = YES;
				CLANG_WARN_BLOCK_CAPTURE_AUTORELEASING = YES;
				CLANG_WARN_BOOL_CONVERSION = YES;
				CLANG_WARN_COMMA = YES;
				CLANG_WARN_CONSTANT_CONVERSION = YES;
				CLANG_WARN_DEPRECATED_OBJC_IMPLEMENTATIONS = YES;
				CLANG_WARN_DIRECT_OBJC_ISA_USAGE = YES_ERROR;
				CLANG_WARN_DOCUMENTATION_COMMENTS = YES;
				CLANG_WARN_EMPTY_BODY = YES;
				CLANG_WARN_ENUM_CONVERSION = YES;
				CLANG_WARN_INFINITE_RECURSION = YES;
				CLANG_WARN_INT_CONVERSION = YES;
				CLANG_WARN_NON_LITERAL_NULL_CONVERSION = YES;
				CLANG_WARN_OBJC_IMPLICIT_RETAIN_SELF = YES;
				CLANG_WARN_OBJC_LITERAL_CONVERSION = YES;
				CLANG_WARN_OBJC_ROOT_CLASS = YES_ERROR;
				CLANG_WARN_RANGE_LOOP_ANALYSIS = YES;
				CLANG_WARN_STRICT_PROTOTYPES = YES;
				CLANG_WARN_SUSPICIOUS_MOVE = YES;
				CLANG_WARN_UNGUARDED_AVAILABILITY = YES_AGGRESSIVE;
				CLANG_WARN_UNREACHABLE_CODE = YES;
				CLANG_WARN__DUPLICATE_METHOD_MATCH = YES;
				COPY_PHASE_STRIP = NO;
				DEBUG_INFORMATION_FORMAT = dwarf;
				ENABLE_STRICT_OBJC_MSGSEND = YES;
				ENABLE_TESTABILITY = YES;
				GCC_C_LANGUAGE_STANDARD = gnu11;
				GCC_DYNAMIC_NO_PIC = NO;
				GCC_NO_COMMON_BLOCKS = YES;
				GCC_OPTIMIZATION_LEVEL = 0;
				GCC_PREPROCESSOR_DEFINITIONS = (
					"DEBUG=1",
					"$(inherited)",
				);
				GCC_WARN_64_TO_32_BIT_CONVERSION = YES;
				GCC_WARN_ABOUT_RETURN_TYPE = YES_ERROR;
				GCC_WARN_UNDECLARED_SELECTOR = YES;
				GCC_WARN_UNINITIALIZED_AUTOS = YES_AGGRESSIVE;
				GCC_WARN_UNUSED_FUNCTION = YES;
				GCC_WARN_UNUSED_VARIABLE = YES;
				IPHONEOS_DEPLOYMENT_TARGET = 13.2;
				MTL_ENABLE_DEBUG_INFO = INCLUDE_SOURCE;
				MTL_FAST_MATH = YES;
				ONLY_ACTIVE_ARCH = YES;
				SDKROOT = iphoneos;
				SWIFT_ACTIVE_COMPILATION_CONDITIONS = DEBUG;
				SWIFT_OPTIMIZATION_LEVEL = "-Onone";
			};
			name = Debug;
		};
		02837ECC23CE179300EEBC25 /* Release */ = {
			isa = XCBuildConfiguration;
			buildSettings = {
				ALWAYS_SEARCH_USER_PATHS = NO;
				CLANG_ANALYZER_NONNULL = YES;
				CLANG_ANALYZER_NUMBER_OBJECT_CONVERSION = YES_AGGRESSIVE;
				CLANG_CXX_LANGUAGE_STANDARD = "gnu++14";
				CLANG_CXX_LIBRARY = "libc++";
				CLANG_ENABLE_MODULES = YES;
				CLANG_ENABLE_OBJC_ARC = YES;
				CLANG_ENABLE_OBJC_WEAK = YES;
				CLANG_WARN_BLOCK_CAPTURE_AUTORELEASING = YES;
				CLANG_WARN_BOOL_CONVERSION = YES;
				CLANG_WARN_COMMA = YES;
				CLANG_WARN_CONSTANT_CONVERSION = YES;
				CLANG_WARN_DEPRECATED_OBJC_IMPLEMENTATIONS = YES;
				CLANG_WARN_DIRECT_OBJC_ISA_USAGE = YES_ERROR;
				CLANG_WARN_DOCUMENTATION_COMMENTS = YES;
				CLANG_WARN_EMPTY_BODY = YES;
				CLANG_WARN_ENUM_CONVERSION = YES;
				CLANG_WARN_INFINITE_RECURSION = YES;
				CLANG_WARN_INT_CONVERSION = YES;
				CLANG_WARN_NON_LITERAL_NULL_CONVERSION = YES;
				CLANG_WARN_OBJC_IMPLICIT_RETAIN_SELF = YES;
				CLANG_WARN_OBJC_LITERAL_CONVERSION = YES;
				CLANG_WARN_OBJC_ROOT_CLASS = YES_ERROR;
				CLANG_WARN_RANGE_LOOP_ANALYSIS = YES;
				CLANG_WARN_STRICT_PROTOTYPES = YES;
				CLANG_WARN_SUSPICIOUS_MOVE = YES;
				CLANG_WARN_UNGUARDED_AVAILABILITY = YES_AGGRESSIVE;
				CLANG_WARN_UNREACHABLE_CODE = YES;
				CLANG_WARN__DUPLICATE_METHOD_MATCH = YES;
				COPY_PHASE_STRIP = NO;
				DEBUG_INFORMATION_FORMAT = "dwarf-with-dsym";
				ENABLE_NS_ASSERTIONS = NO;
				ENABLE_STRICT_OBJC_MSGSEND = YES;
				GCC_C_LANGUAGE_STANDARD = gnu11;
				GCC_NO_COMMON_BLOCKS = YES;
				GCC_WARN_64_TO_32_BIT_CONVERSION = YES;
				GCC_WARN_ABOUT_RETURN_TYPE = YES_ERROR;
				GCC_WARN_UNDECLARED_SELECTOR = YES;
				GCC_WARN_UNINITIALIZED_AUTOS = YES_AGGRESSIVE;
				GCC_WARN_UNUSED_FUNCTION = YES;
				GCC_WARN_UNUSED_VARIABLE = YES;
				IPHONEOS_DEPLOYMENT_TARGET = 13.2;
				MTL_ENABLE_DEBUG_INFO = NO;
				MTL_FAST_MATH = YES;
				SDKROOT = iphoneos;
				SWIFT_COMPILATION_MODE = wholemodule;
				SWIFT_OPTIMIZATION_LEVEL = "-O";
				VALIDATE_PRODUCT = YES;
			};
			name = Release;
		};
		02837ECE23CE179300EEBC25 /* Debug */ = {
			isa = XCBuildConfiguration;
			buildSettings = {
				ASSETCATALOG_COMPILER_APPICON_NAME = AppIcon;
				CODE_SIGN_STYLE = Automatic;
				DEVELOPMENT_TEAM = 87F72Z6LFG;
				INFOPLIST_FILE = "CollectionView-RandomDogs/Info.plist";
				LD_RUNPATH_SEARCH_PATHS = (
					"$(inherited)",
					"@executable_path/Frameworks",
				);
				PRODUCT_BUNDLE_IDENTIFIER = "com.kelbymittan.CollectionView-RandomDogs";
				PRODUCT_NAME = "$(TARGET_NAME)";
				SWIFT_VERSION = 5.0;
				TARGETED_DEVICE_FAMILY = "1,2";
			};
			name = Debug;
		};
		02837ECF23CE179300EEBC25 /* Release */ = {
			isa = XCBuildConfiguration;
			buildSettings = {
				ASSETCATALOG_COMPILER_APPICON_NAME = AppIcon;
				CODE_SIGN_STYLE = Automatic;
				DEVELOPMENT_TEAM = 87F72Z6LFG;
				INFOPLIST_FILE = "CollectionView-RandomDogs/Info.plist";
				LD_RUNPATH_SEARCH_PATHS = (
					"$(inherited)",
					"@executable_path/Frameworks",
				);
				PRODUCT_BUNDLE_IDENTIFIER = "com.kelbymittan.CollectionView-RandomDogs";
				PRODUCT_NAME = "$(TARGET_NAME)";
				SWIFT_VERSION = 5.0;
				TARGETED_DEVICE_FAMILY = "1,2";
			};
			name = Release;
		};
/* End XCBuildConfiguration section */

/* Begin XCConfigurationList section */
		02837EB423CE178D00EEBC25 /* Build configuration list for PBXProject "CollectionView-RandomDogs" */ = {
			isa = XCConfigurationList;
			buildConfigurations = (
				02837ECB23CE179300EEBC25 /* Debug */,
				02837ECC23CE179300EEBC25 /* Release */,
			);
			defaultConfigurationIsVisible = 0;
			defaultConfigurationName = Release;
		};
		02837ECD23CE179300EEBC25 /* Build configuration list for PBXNativeTarget "CollectionView-RandomDogs" */ = {
			isa = XCConfigurationList;
			buildConfigurations = (
				02837ECE23CE179300EEBC25 /* Debug */,
				02837ECF23CE179300EEBC25 /* Release */,
			);
			defaultConfigurationIsVisible = 0;
			defaultConfigurationName = Release;
		};
/* End XCConfigurationList section */

/* Begin XCRemoteSwiftPackageReference section */
		02837ED423CE1C7300EEBC25 /* XCRemoteSwiftPackageReference "ImageKit" */ = {
			isa = XCRemoteSwiftPackageReference;
			repositoryURL = "https://github.com/alexpaul/ImageKit";
			requirement = {
				kind = upToNextMajorVersion;
				minimumVersion = 1.0.2;
			};
		};
/* End XCRemoteSwiftPackageReference section */

/* Begin XCSwiftPackageProductDependency section */
		02837ED523CE1C7300EEBC25 /* ImageKit */ = {
			isa = XCSwiftPackageProductDependency;
			package = 02837ED423CE1C7300EEBC25 /* XCRemoteSwiftPackageReference "ImageKit" */;
			productName = ImageKit;
		};
/* End XCSwiftPackageProductDependency section */
	};
	rootObject = 02837EB123CE178D00EEBC25 /* Project object */;
}
